
Microsoft Visual Studio Solution File, Format Version 12.00
# Visual Studio Version 17
VisualStudioVersion = 17.0.31903.59
MinimumVisualStudioVersion = 10.0.40219.1
Project("{2150E333-8FDC-42A3-9474-1A3956D46DE8}") = "src", "src", "{A65F81DC-5999-4490-BF04-A10CA7B14996}"
EndProject
Project("{F2A71F9B-5D33-465A-A702-920D77279786}") = "bottom_up", "src\bottom_up\bottom_up.fsproj", "{E9640D1F-39EE-4EA4-8947-365F3CDC3B09}"
EndProject
Project("{F2A71F9B-5D33-465A-A702-920D77279786}") = "bottom_up_cli", "src\bottom_up_cli\bottom_up_cli.fsproj", "{2D697EB8-40FA-40FE-BEE3-316C0EAEC35F}"
EndProject
Global
	GlobalSection(SolutionConfigurationPlatforms) = preSolution
		Debug|Any CPU = Debug|Any CPU
		Release|Any CPU = Release|Any CPU
	EndGlobalSection
	GlobalSection(SolutionProperties) = preSolution
		HideSolutionNode = FALSE
	EndGlobalSection
	GlobalSection(ProjectConfigurationPlatforms) = postSolution
		{E9640D1F-39EE-4EA4-8947-365F3CDC3B09}.Debug|Any CPU.ActiveCfg = Debug|Any CPU
		{E9640D1F-39EE-4EA4-8947-365F3CDC3B09}.Debug|Any CPU.Build.0 = Debug|Any CPU
		{E9640D1F-39EE-4EA4-8947-365F3CDC3B09}.Release|Any CPU.ActiveCfg = Release|Any CPU
		{E9640D1F-39EE-4EA4-8947-365F3CDC3B09}.Release|Any CPU.Build.0 = Release|Any CPU
		{2D697EB8-40FA-40FE-BEE3-316C0EAEC35F}.Debug|Any CPU.ActiveCfg = Debug|Any CPU
		{2D697EB8-40FA-40FE-BEE3-316C0EAEC35F}.Debug|Any CPU.Build.0 = Debug|Any CPU
		{2D697EB8-40FA-40FE-BEE3-316C0EAEC35F}.Release|Any CPU.ActiveCfg = Release|Any CPU
		{2D697EB8-40FA-40FE-BEE3-316C0EAEC35F}.Release|Any CPU.Build.0 = Release|Any CPU
	EndGlobalSection
	GlobalSection(NestedProjects) = preSolution
		{E9640D1F-39EE-4EA4-8947-365F3CDC3B09} = {A65F81DC-5999-4490-BF04-A10CA7B14996}
		{2D697EB8-40FA-40FE-BEE3-316C0EAEC35F} = {A65F81DC-5999-4490-BF04-A10CA7B14996}
	EndGlobalSection
EndGlobal
